// !$*UTF8*$!
{
	archiveVersion = 1;
	classes = {
	};
	objectVersion = 46;
	objects = {

/* Begin PBXBuildFile section */
		0A7EB92A17A9A58F0036D8C7 /* UIKit.framework in Frameworks */ = {isa = PBXBuildFile; fileRef = 0A7EB92917A9A58F0036D8C7 /* UIKit.framework */; };
		0A7EB92C17A9A58F0036D8C7 /* Foundation.framework in Frameworks */ = {isa = PBXBuildFile; fileRef = 0A7EB92B17A9A58F0036D8C7 /* Foundation.framework */; };
		0A7EB92E17A9A58F0036D8C7 /* CoreGraphics.framework in Frameworks */ = {isa = PBXBuildFile; fileRef = 0A7EB92D17A9A58F0036D8C7 /* CoreGraphics.framework */; };
		0A7EB93417A9A58F0036D8C7 /* InfoPlist.strings in Resources */ = {isa = PBXBuildFile; fileRef = 0A7EB93217A9A58F0036D8C7 /* InfoPlist.strings */; };
		0A7EB93617A9A58F0036D8C7 /* main.m in Sources */ = {isa = PBXBuildFile; fileRef = 0A7EB93517A9A58F0036D8C7 /* main.m */; };
		0A7EB93A17A9A5900036D8C7 /* TUAppDelegate.m in Sources */ = {isa = PBXBuildFile; fileRef = 0A7EB93917A9A5900036D8C7 /* TUAppDelegate.m */; };
		0A7EB95417A9ACB20036D8C7 /* icon.png in Resources */ = {isa = PBXBuildFile; fileRef = 0A7EB95317A9ACB20036D8C7 /* icon.png */; };
		0A7EB95617A9AE160036D8C7 /* icon@2x.png in Resources */ = {isa = PBXBuildFile; fileRef = 0A7EB95517A9AE160036D8C7 /* icon@2x.png */; };
		0A7EB95817A9AE250036D8C7 /* icon@2x.png in Resources */ = {isa = PBXBuildFile; fileRef = 0A7EB95717A9AE250036D8C7 /* icon@2x.png */; };
		0A7EB95A17A9AE9D0036D8C7 /* Default.png in Resources */ = {isa = PBXBuildFile; fileRef = 0A7EB95917A9AE9D0036D8C7 /* Default.png */; };
		0A7EB95E17A9AFB70036D8C7 /* Default@2x.png in Resources */ = {isa = PBXBuildFile; fileRef = 0A7EB95D17A9AFB70036D8C7 /* Default@2x.png */; };
		0A7EB96017A9B0380036D8C7 /* Default-568h@2x.png in Resources */ = {isa = PBXBuildFile; fileRef = 0A7EB95F17A9B0380036D8C7 /* Default-568h@2x.png */; };
		0A7EB96517A9B1CE0036D8C7 /* TULoginViewController.m in Sources */ = {isa = PBXBuildFile; fileRef = 0A7EB96317A9B1CE0036D8C7 /* TULoginViewController.m */; };
		0A7EB96617A9B1CE0036D8C7 /* TULoginViewController.xib in Resources */ = {isa = PBXBuildFile; fileRef = 0A7EB96417A9B1CE0036D8C7 /* TULoginViewController.xib */; };
		0A7EB96A17A9B4F70036D8C7 /* logo@2x.png in Resources */ = {isa = PBXBuildFile; fileRef = 0A7EB96817A9B4F70036D8C7 /* logo@2x.png */; };
		0A7EB96E17A9B7140036D8C7 /* logo.png in Resources */ = {isa = PBXBuildFile; fileRef = 0A7EB96D17A9B7130036D8C7 /* logo.png */; };
		0A7EB97417A9E58B0036D8C7 /* TUSignUpViewController.m in Sources */ = {isa = PBXBuildFile; fileRef = 0A7EB97217A9E5890036D8C7 /* TUSignUpViewController.m */; };
		0A7EB97517A9E58B0036D8C7 /* TUSignUpViewController.xib in Resources */ = {isa = PBXBuildFile; fileRef = 0A7EB97317A9E58A0036D8C7 /* TUSignUpViewController.xib */; };
		0A7EB98917AAD5050036D8C7 /* TUSkillsListViewController.m in Sources */ = {isa = PBXBuildFile; fileRef = 0A7EB98717AAD5050036D8C7 /* TUSkillsListViewController.m */; };
		0A7EB98A17AAD5050036D8C7 /* TUSkillsListViewController.xib in Resources */ = {isa = PBXBuildFile; fileRef = 0A7EB98817AAD5050036D8C7 /* TUSkillsListViewController.xib */; };
		0A7EB99117AAD6B50036D8C7 /* Skills.m in Sources */ = {isa = PBXBuildFile; fileRef = 0A7EB99017AAD6B50036D8C7 /* Skills.m */; };
		0A7EB99517AAD7E50036D8C7 /* TUQuestionsViewController.m in Sources */ = {isa = PBXBuildFile; fileRef = 0A7EB99317AAD7E50036D8C7 /* TUQuestionsViewController.m */; };
		0A7EB99617AAD7E50036D8C7 /* TUQuestionsViewController.xib in Resources */ = {isa = PBXBuildFile; fileRef = 0A7EB99417AAD7E50036D8C7 /* TUQuestionsViewController.xib */; };
		0A7EB99A17AAE2CC0036D8C7 /* banner.png in Resources */ = {isa = PBXBuildFile; fileRef = 0A7EB99917AAE2CC0036D8C7 /* banner.png */; };
		0A7EB99C17AAE45D0036D8C7 /* banner@2x.png in Resources */ = {isa = PBXBuildFile; fileRef = 0A7EB99B17AAE45D0036D8C7 /* banner@2x.png */; };
		0A7EB99F17AAE7170036D8C7 /* backButton.png in Resources */ = {isa = PBXBuildFile; fileRef = 0A7EB99D17AAE7170036D8C7 /* backButton.png */; };
		0A7EB9A017AAE7170036D8C7 /* backButton@2x.png in Resources */ = {isa = PBXBuildFile; fileRef = 0A7EB99E17AAE7170036D8C7 /* backButton@2x.png */; };
/* End PBXBuildFile section */

/* Begin PBXFileReference section */
		0A7EB92617A9A58F0036D8C7 /* TradeUp.app */ = {isa = PBXFileReference; explicitFileType = wrapper.application; includeInIndex = 0; path = TradeUp.app; sourceTree = BUILT_PRODUCTS_DIR; };
		0A7EB92917A9A58F0036D8C7 /* UIKit.framework */ = {isa = PBXFileReference; lastKnownFileType = wrapper.framework; name = UIKit.framework; path = System/Library/Frameworks/UIKit.framework; sourceTree = SDKROOT; };
		0A7EB92B17A9A58F0036D8C7 /* Foundation.framework */ = {isa = PBXFileReference; lastKnownFileType = wrapper.framework; name = Foundation.framework; path = System/Library/Frameworks/Foundation.framework; sourceTree = SDKROOT; };
		0A7EB92D17A9A58F0036D8C7 /* CoreGraphics.framework */ = {isa = PBXFileReference; lastKnownFileType = wrapper.framework; name = CoreGraphics.framework; path = System/Library/Frameworks/CoreGraphics.framework; sourceTree = SDKROOT; };
		0A7EB93117A9A58F0036D8C7 /* TradeUp-Info.plist */ = {isa = PBXFileReference; lastKnownFileType = text.plist.xml; path = "TradeUp-Info.plist"; sourceTree = "<group>"; };
		0A7EB93317A9A58F0036D8C7 /* en */ = {isa = PBXFileReference; lastKnownFileType = text.plist.strings; name = en; path = en.lproj/InfoPlist.strings; sourceTree = "<group>"; };
		0A7EB93517A9A58F0036D8C7 /* main.m */ = {isa = PBXFileReference; lastKnownFileType = sourcecode.c.objc; path = main.m; sourceTree = "<group>"; };
		0A7EB93717A9A5900036D8C7 /* TradeUp-Prefix.pch */ = {isa = PBXFileReference; lastKnownFileType = sourcecode.c.h; path = "TradeUp-Prefix.pch"; sourceTree = "<group>"; };
		0A7EB93817A9A5900036D8C7 /* TUAppDelegate.h */ = {isa = PBXFileReference; lastKnownFileType = sourcecode.c.h; path = TUAppDelegate.h; sourceTree = "<group>"; };
		0A7EB93917A9A5900036D8C7 /* TUAppDelegate.m */ = {isa = PBXFileReference; lastKnownFileType = sourcecode.c.objc; path = TUAppDelegate.m; sourceTree = "<group>"; };
		0A7EB95317A9ACB20036D8C7 /* icon.png */ = {isa = PBXFileReference; lastKnownFileType = image.png; path = icon.png; sourceTree = "<group>"; };
		0A7EB95517A9AE160036D8C7 /* icon@2x.png */ = {isa = PBXFileReference; lastKnownFileType = image.png; name = "icon@2x.png"; path = "Images/icon@2x.png"; sourceTree = "<group>"; };
		0A7EB95717A9AE250036D8C7 /* icon@2x.png */ = {isa = PBXFileReference; lastKnownFileType = image.png; path = "icon@2x.png"; sourceTree = "<group>"; };
		0A7EB95917A9AE9D0036D8C7 /* Default.png */ = {isa = PBXFileReference; lastKnownFileType = image.png; name = Default.png; path = Images/Default.png; sourceTree = SOURCE_ROOT; };
		0A7EB95D17A9AFB70036D8C7 /* Default@2x.png */ = {isa = PBXFileReference; lastKnownFileType = image.png; path = "Default@2x.png"; sourceTree = "<group>"; };
		0A7EB95F17A9B0380036D8C7 /* Default-568h@2x.png */ = {isa = PBXFileReference; lastKnownFileType = image.png; path = "Default-568h@2x.png"; sourceTree = "<group>"; };
		0A7EB96217A9B1CE0036D8C7 /* TULoginViewController.h */ = {isa = PBXFileReference; fileEncoding = 4; lastKnownFileType = sourcecode.c.h; path = TULoginViewController.h; sourceTree = "<group>"; };
		0A7EB96317A9B1CE0036D8C7 /* TULoginViewController.m */ = {isa = PBXFileReference; fileEncoding = 4; lastKnownFileType = sourcecode.c.objc; path = TULoginViewController.m; sourceTree = "<group>"; };
		0A7EB96417A9B1CE0036D8C7 /* TULoginViewController.xib */ = {isa = PBXFileReference; fileEncoding = 4; lastKnownFileType = file.xib; path = TULoginViewController.xib; sourceTree = "<group>"; };
		0A7EB96817A9B4F70036D8C7 /* logo@2x.png */ = {isa = PBXFileReference; lastKnownFileType = image.png; path = "logo@2x.png"; sourceTree = "<group>"; };
		0A7EB96D17A9B7130036D8C7 /* logo.png */ = {isa = PBXFileReference; lastKnownFileType = image.png; path = logo.png; sourceTree = "<group>"; };
		0A7EB97117A9E5880036D8C7 /* TUSignUpViewController.h */ = {isa = PBXFileReference; fileEncoding = 4; lastKnownFileType = sourcecode.c.h; path = TUSignUpViewController.h; sourceTree = "<group>"; };
		0A7EB97217A9E5890036D8C7 /* TUSignUpViewController.m */ = {isa = PBXFileReference; fileEncoding = 4; lastKnownFileType = sourcecode.c.objc; path = TUSignUpViewController.m; sourceTree = "<group>"; };
		0A7EB97317A9E58A0036D8C7 /* TUSignUpViewController.xib */ = {isa = PBXFileReference; fileEncoding = 4; lastKnownFileType = file.xib; path = TUSignUpViewController.xib; sourceTree = "<group>"; };
		0A7EB98617AAD5050036D8C7 /* TUSkillsListViewController.h */ = {isa = PBXFileReference; fileEncoding = 4; lastKnownFileType = sourcecode.c.h; path = TUSkillsListViewController.h; sourceTree = "<group>"; };
		0A7EB98717AAD5050036D8C7 /* TUSkillsListViewController.m */ = {isa = PBXFileReference; fileEncoding = 4; lastKnownFileType = sourcecode.c.objc; path = TUSkillsListViewController.m; sourceTree = "<group>"; };
		0A7EB98817AAD5050036D8C7 /* TUSkillsListViewController.xib */ = {isa = PBXFileReference; fileEncoding = 4; lastKnownFileType = file.xib; path = TUSkillsListViewController.xib; sourceTree = "<group>"; };
		0A7EB98F17AAD6B50036D8C7 /* Skills.h */ = {isa = PBXFileReference; fileEncoding = 4; lastKnownFileType = sourcecode.c.h; name = Skills.h; path = ../Skills.h; sourceTree = "<group>"; };
		0A7EB99017AAD6B50036D8C7 /* Skills.m */ = {isa = PBXFileReference; fileEncoding = 4; lastKnownFileType = sourcecode.c.objc; name = Skills.m; path = ../Skills.m; sourceTree = "<group>"; };
		0A7EB99217AAD7E50036D8C7 /* TUQuestionsViewController.h */ = {isa = PBXFileReference; fileEncoding = 4; lastKnownFileType = sourcecode.c.h; path = TUQuestionsViewController.h; sourceTree = "<group>"; };
		0A7EB99317AAD7E50036D8C7 /* TUQuestionsViewController.m */ = {isa = PBXFileReference; fileEncoding = 4; lastKnownFileType = sourcecode.c.objc; path = TUQuestionsViewController.m; sourceTree = "<group>"; };
		0A7EB99417AAD7E50036D8C7 /* TUQuestionsViewController.xib */ = {isa = PBXFileReference; fileEncoding = 4; lastKnownFileType = file.xib; path = TUQuestionsViewController.xib; sourceTree = "<group>"; };
		0A7EB99917AAE2CC0036D8C7 /* banner.png */ = {isa = PBXFileReference; lastKnownFileType = image.png; path = banner.png; sourceTree = "<group>"; };
		0A7EB99B17AAE45D0036D8C7 /* banner@2x.png */ = {isa = PBXFileReference; lastKnownFileType = image.png; path = "banner@2x.png"; sourceTree = "<group>"; };
		0A7EB99D17AAE7170036D8C7 /* backButton.png */ = {isa = PBXFileReference; lastKnownFileType = image.png; path = backButton.png; sourceTree = "<group>"; };
		0A7EB99E17AAE7170036D8C7 /* backButton@2x.png */ = {isa = PBXFileReference; lastKnownFileType = image.png; path = "backButton@2x.png"; sourceTree = "<group>"; };
/* End PBXFileReference section */

/* Begin PBXFrameworksBuildPhase section */
		0A7EB92317A9A58E0036D8C7 /* Frameworks */ = {
			isa = PBXFrameworksBuildPhase;
			buildActionMask = 2147483647;
			files = (
				0A7EB92A17A9A58F0036D8C7 /* UIKit.framework in Frameworks */,
				0A7EB92C17A9A58F0036D8C7 /* Foundation.framework in Frameworks */,
				0A7EB92E17A9A58F0036D8C7 /* CoreGraphics.framework in Frameworks */,
			);
			runOnlyForDeploymentPostprocessing = 0;
		};
/* End PBXFrameworksBuildPhase section */

/* Begin PBXGroup section */
		0A7EB91D17A9A58E0036D8C7 = {
			isa = PBXGroup;
			children = (
				0A7EB95717A9AE250036D8C7 /* icon@2x.png */,
				0A7EB95317A9ACB20036D8C7 /* icon.png */,
				0A7EB95517A9AE160036D8C7 /* icon@2x.png */,
				0A7EB92F17A9A58F0036D8C7 /* TradeUp */,
				0A7EB92817A9A58F0036D8C7 /* Frameworks */,
				0A7EB92717A9A58F0036D8C7 /* Products */,
			);
			sourceTree = "<group>";
		};
		0A7EB92717A9A58F0036D8C7 /* Products */ = {
			isa = PBXGroup;
			children = (
				0A7EB92617A9A58F0036D8C7 /* TradeUp.app */,
			);
			name = Products;
			sourceTree = "<group>";
		};
		0A7EB92817A9A58F0036D8C7 /* Frameworks */ = {
			isa = PBXGroup;
			children = (
				0A7EB92917A9A58F0036D8C7 /* UIKit.framework */,
				0A7EB92B17A9A58F0036D8C7 /* Foundation.framework */,
				0A7EB92D17A9A58F0036D8C7 /* CoreGraphics.framework */,
			);
			name = Frameworks;
			sourceTree = "<group>";
		};
		0A7EB92F17A9A58F0036D8C7 /* TradeUp */ = {
			isa = PBXGroup;
			children = (
				0A7EB96117A9B18A0036D8C7 /* Initialization */,
				0A7EB97617AA08400036D8C7 /* Login */,
				0A7EB96F17A9BEB30036D8C7 /* Skills */,
				0A7EB97017A9BEBB0036D8C7 /* Questions */,
				0A7EB98E17AAD6500036D8C7 /* Models */,
				0A7EB93017A9A58F0036D8C7 /* Supporting Files */,
			);
			path = TradeUp;
			sourceTree = "<group>";
		};
		0A7EB93017A9A58F0036D8C7 /* Supporting Files */ = {
			isa = PBXGroup;
			children = (
				0A7EB93117A9A58F0036D8C7 /* TradeUp-Info.plist */,
				0A7EB94C17A9A66E0036D8C7 /* Images */,
				0A7EB93217A9A58F0036D8C7 /* InfoPlist.strings */,
				0A7EB93517A9A58F0036D8C7 /* main.m */,
				0A7EB93717A9A5900036D8C7 /* TradeUp-Prefix.pch */,
			);
			name = "Supporting Files";
			sourceTree = "<group>";
		};
		0A7EB94C17A9A66E0036D8C7 /* Images */ = {
			isa = PBXGroup;
			children = (
				0A7EB99D17AAE7170036D8C7 /* backButton.png */,
				0A7EB99E17AAE7170036D8C7 /* backButton@2x.png */,
				0A7EB99917AAE2CC0036D8C7 /* banner.png */,
				0A7EB99B17AAE45D0036D8C7 /* banner@2x.png */,
				0A7EB96D17A9B7130036D8C7 /* logo.png */,
				0A7EB96817A9B4F70036D8C7 /* logo@2x.png */,
				0A7EB95917A9AE9D0036D8C7 /* Default.png */,
				0A7EB95D17A9AFB70036D8C7 /* Default@2x.png */,
				0A7EB95F17A9B0380036D8C7 /* Default-568h@2x.png */,
			);
			name = Images;
			sourceTree = "<group>";
		};
		0A7EB96117A9B18A0036D8C7 /* Initialization */ = {
			isa = PBXGroup;
			children = (
				0A7EB93817A9A5900036D8C7 /* TUAppDelegate.h */,
				0A7EB93917A9A5900036D8C7 /* TUAppDelegate.m */,
			);
			name = Initialization;
			sourceTree = "<group>";
		};
		0A7EB96F17A9BEB30036D8C7 /* Skills */ = {
			isa = PBXGroup;
			children = (
				0A7EB98617AAD5050036D8C7 /* TUSkillsListViewController.h */,
				0A7EB98717AAD5050036D8C7 /* TUSkillsListViewController.m */,
				0A7EB98817AAD5050036D8C7 /* TUSkillsListViewController.xib */,
			);
			name = Skills;
			sourceTree = "<group>";
		};
		0A7EB97017A9BEBB0036D8C7 /* Questions */ = {
			isa = PBXGroup;
			children = (
				0A7EB99217AAD7E50036D8C7 /* TUQuestionsViewController.h */,
				0A7EB99317AAD7E50036D8C7 /* TUQuestionsViewController.m */,
				0A7EB99417AAD7E50036D8C7 /* TUQuestionsViewController.xib */,
			);
			name = Questions;
			sourceTree = "<group>";
		};
		0A7EB97617AA08400036D8C7 /* Login */ = {
			isa = PBXGroup;
			children = (
				0A7EB96217A9B1CE0036D8C7 /* TULoginViewController.h */,
				0A7EB96317A9B1CE0036D8C7 /* TULoginViewController.m */,
				0A7EB96417A9B1CE0036D8C7 /* TULoginViewController.xib */,
				0A7EB97117A9E5880036D8C7 /* TUSignUpViewController.h */,
				0A7EB97217A9E5890036D8C7 /* TUSignUpViewController.m */,
				0A7EB97317A9E58A0036D8C7 /* TUSignUpViewController.xib */,
			);
			name = Login;
			sourceTree = "<group>";
		};
		0A7EB98E17AAD6500036D8C7 /* Models */ = {
			isa = PBXGroup;
			children = (
				0A7EB98F17AAD6B50036D8C7 /* Skills.h */,
				0A7EB99017AAD6B50036D8C7 /* Skills.m */,
			);
			name = Models;
			sourceTree = "<group>";
		};
/* End PBXGroup section */

/* Begin PBXNativeTarget section */
		0A7EB92517A9A58E0036D8C7 /* TradeUp */ = {
			isa = PBXNativeTarget;
			buildConfigurationList = 0A7EB94917A9A5900036D8C7 /* Build configuration list for PBXNativeTarget "TradeUp" */;
			buildPhases = (
				0A7EB92217A9A58E0036D8C7 /* Sources */,
				0A7EB92317A9A58E0036D8C7 /* Frameworks */,
				0A7EB92417A9A58E0036D8C7 /* Resources */,
			);
			buildRules = (
			);
			dependencies = (
			);
			name = TradeUp;
			productName = TradeUp;
			productReference = 0A7EB92617A9A58F0036D8C7 /* TradeUp.app */;
			productType = "com.apple.product-type.application";
		};
/* End PBXNativeTarget section */

/* Begin PBXProject section */
		0A7EB91E17A9A58E0036D8C7 /* Project object */ = {
			isa = PBXProject;
			attributes = {
				CLASSPREFIX = TU;
				LastUpgradeCheck = 0460;
				ORGANIZATIONNAME = "Michelle Austria";
			};
			buildConfigurationList = 0A7EB92117A9A58E0036D8C7 /* Build configuration list for PBXProject "TradeUp" */;
			compatibilityVersion = "Xcode 3.2";
			developmentRegion = English;
			hasScannedForEncodings = 0;
			knownRegions = (
				en,
			);
			mainGroup = 0A7EB91D17A9A58E0036D8C7;
			productRefGroup = 0A7EB92717A9A58F0036D8C7 /* Products */;
			projectDirPath = "";
			projectRoot = "";
			targets = (
				0A7EB92517A9A58E0036D8C7 /* TradeUp */,
			);
		};
/* End PBXProject section */

/* Begin PBXResourcesBuildPhase section */
		0A7EB92417A9A58E0036D8C7 /* Resources */ = {
			isa = PBXResourcesBuildPhase;
			buildActionMask = 2147483647;
			files = (
				0A7EB93417A9A58F0036D8C7 /* InfoPlist.strings in Resources */,
				0A7EB95417A9ACB20036D8C7 /* icon.png in Resources */,
				0A7EB95617A9AE160036D8C7 /* icon@2x.png in Resources */,
				0A7EB95817A9AE250036D8C7 /* icon@2x.png in Resources */,
				0A7EB95A17A9AE9D0036D8C7 /* Default.png in Resources */,
				0A7EB95E17A9AFB70036D8C7 /* Default@2x.png in Resources */,
				0A7EB96017A9B0380036D8C7 /* Default-568h@2x.png in Resources */,
				0A7EB96617A9B1CE0036D8C7 /* TULoginViewController.xib in Resources */,
				0A7EB96A17A9B4F70036D8C7 /* logo@2x.png in Resources */,
				0A7EB96E17A9B7140036D8C7 /* logo.png in Resources */,
				0A7EB97517A9E58B0036D8C7 /* TUSignUpViewController.xib in Resources */,
				0A7EB98A17AAD5050036D8C7 /* TUSkillsListViewController.xib in Resources */,
				0A7EB99617AAD7E50036D8C7 /* TUQuestionsViewController.xib in Resources */,
				0A7EB99A17AAE2CC0036D8C7 /* banner.png in Resources */,
				0A7EB99C17AAE45D0036D8C7 /* banner@2x.png in Resources */,
				0A7EB99F17AAE7170036D8C7 /* backButton.png in Resources */,
				0A7EB9A017AAE7170036D8C7 /* backButton@2x.png in Resources */,
			);
			runOnlyForDeploymentPostprocessing = 0;
		};
/* End PBXResourcesBuildPhase section */

/* Begin PBXSourcesBuildPhase section */
		0A7EB92217A9A58E0036D8C7 /* Sources */ = {
			isa = PBXSourcesBuildPhase;
			buildActionMask = 2147483647;
			files = (
				0A7EB93617A9A58F0036D8C7 /* main.m in Sources */,
				0A7EB93A17A9A5900036D8C7 /* TUAppDelegate.m in Sources */,
				0A7EB96517A9B1CE0036D8C7 /* TULoginViewController.m in Sources */,
				0A7EB97417A9E58B0036D8C7 /* TUSignUpViewController.m in Sources */,
				0A7EB98917AAD5050036D8C7 /* TUSkillsListViewController.m in Sources */,
				0A7EB99117AAD6B50036D8C7 /* Skills.m in Sources */,
				0A7EB99517AAD7E50036D8C7 /* TUQuestionsViewController.m in Sources */,
			);
			runOnlyForDeploymentPostprocessing = 0;
		};
/* End PBXSourcesBuildPhase section */

/* Begin PBXVariantGroup section */
		0A7EB93217A9A58F0036D8C7 /* InfoPlist.strings */ = {
			isa = PBXVariantGroup;
			children = (
				0A7EB93317A9A58F0036D8C7 /* en */,
			);
			name = InfoPlist.strings;
			sourceTree = "<group>";
		};
/* End PBXVariantGroup section */

/* Begin XCBuildConfiguration section */
		0A7EB94717A9A5900036D8C7 /* Debug */ = {
			isa = XCBuildConfiguration;
			buildSettings = {
				ALWAYS_SEARCH_USER_PATHS = NO;
				CLANG_CXX_LANGUAGE_STANDARD = "gnu++0x";
				CLANG_CXX_LIBRARY = "libc++";
				CLANG_ENABLE_OBJC_ARC = YES;
				CLANG_WARN_CONSTANT_CONVERSION = YES;
				CLANG_WARN_EMPTY_BODY = YES;
				CLANG_WARN_ENUM_CONVERSION = YES;
				CLANG_WARN_INT_CONVERSION = YES;
				CLANG_WARN__DUPLICATE_METHOD_MATCH = YES;
				"CODE_SIGN_IDENTITY[sdk=iphoneos*]" = "iPhone Developer";
				COPY_PHASE_STRIP = NO;
				GCC_C_LANGUAGE_STANDARD = gnu99;
				GCC_DYNAMIC_NO_PIC = NO;
				GCC_OPTIMIZATION_LEVEL = 0;
				GCC_PREPROCESSOR_DEFINITIONS = (
					"DEBUG=1",
					"$(inherited)",
				);
				GCC_SYMBOLS_PRIVATE_EXTERN = NO;
				GCC_WARN_ABOUT_RETURN_TYPE = YES;
				GCC_WARN_UNINITIALIZED_AUTOS = YES;
				GCC_WARN_UNUSED_VARIABLE = YES;
				IPHONEOS_DEPLOYMENT_TARGET = 6.1;
				ONLY_ACTIVE_ARCH = YES;
				SDKROOT = iphoneos;
			};
			name = Debug;
		};
		0A7EB94817A9A5900036D8C7 /* Release */ = {
			isa = XCBuildConfiguration;
			buildSettings = {
				ALWAYS_SEARCH_USER_PATHS = NO;
				CLANG_CXX_LANGUAGE_STANDARD = "gnu++0x";
				CLANG_CXX_LIBRARY = "libc++";
				CLANG_ENABLE_OBJC_ARC = YES;
				CLANG_WARN_CONSTANT_CONVERSION = YES;
				CLANG_WARN_EMPTY_BODY = YES;
				CLANG_WARN_ENUM_CONVERSION = YES;
				CLANG_WARN_INT_CONVERSION = YES;
				CLANG_WARN__DUPLICATE_METHOD_MATCH = YES;
				"CODE_SIGN_IDENTITY[sdk=iphoneos*]" = "iPhone Developer";
				COPY_PHASE_STRIP = YES;
				GCC_C_LANGUAGE_STANDARD = gnu99;
				GCC_WARN_ABOUT_RETURN_TYPE = YES;
				GCC_WARN_UNINITIALIZED_AUTOS = YES;
				GCC_WARN_UNUSED_VARIABLE = YES;
				IPHONEOS_DEPLOYMENT_TARGET = 6.1;
				OTHER_CFLAGS = "-DNS_BLOCK_ASSERTIONS=1";
				SDKROOT = iphoneos;
				VALIDATE_PRODUCT = YES;
			};
			name = Release;
		};
		0A7EB94A17A9A5900036D8C7 /* Debug */ = {
			isa = XCBuildConfiguration;
			buildSettings = {
				GCC_PRECOMPILE_PREFIX_HEADER = YES;
				GCC_PREFIX_HEADER = "TradeUp/TradeUp-Prefix.pch";
				INFOPLIST_FILE = "TradeUp/TradeUp-Info.plist";
				PRODUCT_NAME = "$(TARGET_NAME)";
				WRAPPER_EXTENSION = app;
			};
			name = Debug;
		};
		0A7EB94B17A9A5900036D8C7 /* Release */ = {
			isa = XCBuildConfiguration;
			buildSettings = {
				GCC_PRECOMPILE_PREFIX_HEADER = YES;
				GCC_PREFIX_HEADER = "TradeUp/TradeUp-Prefix.pch";
				INFOPLIST_FILE = "TradeUp/TradeUp-Info.plist";
				PRODUCT_NAME = "$(TARGET_NAME)";
				WRAPPER_EXTENSION = app;
			};
			name = Release;
		};
/* End XCBuildConfiguration section */

/* Begin XCConfigurationList section */
		0A7EB92117A9A58E0036D8C7 /* Build configuration list for PBXProject "TradeUp" */ = {
			isa = XCConfigurationList;
			buildConfigurations = (
				0A7EB94717A9A5900036D8C7 /* Debug */,
				0A7EB94817A9A5900036D8C7 /* Release */,
			);
			defaultConfigurationIsVisible = 0;
			defaultConfigurationName = Release;
		};
		0A7EB94917A9A5900036D8C7 /* Build configuration list for PBXNativeTarget "TradeUp" */ = {
			isa = XCConfigurationList;
			buildConfigurations = (
				0A7EB94A17A9A5900036D8C7 /* Debug */,
				0A7EB94B17A9A5900036D8C7 /* Release */,
			);
			defaultConfigurationIsVisible = 0;
		};
/* End XCConfigurationList section */
	};
	rootObject = 0A7EB91E17A9A58E0036D8C7 /* Project object */;
}
